
Microsoft Visual Studio Solution File, Format Version 12.00
Project("{FAE04EC0-301F-11D3-BF4B-00C04F79EFBC}") = "CharpHomework5", "CharpHomework5\CharpHomework5.csproj", "{89652AF8-9384-4FDC-B6CB-97FF71025A7B}"
EndProject
Global
	GlobalSection(SolutionConfigurationPlatforms) = preSolution
		Debug|Any CPU = Debug|Any CPU
		Release|Any CPU = Release|Any CPU
	EndGlobalSection
	GlobalSection(ProjectConfigurationPlatforms) = postSolution
		{89652AF8-9384-4FDC-B6CB-97FF71025A7B}.Debug|Any CPU.ActiveCfg = Debug|Any CPU
		{89652AF8-9384-4FDC-B6CB-97FF71025A7B}.Debug|Any CPU.Build.0 = Debug|Any CPU
		{89652AF8-9384-4FDC-B6CB-97FF71025A7B}.Release|Any CPU.ActiveCfg = Release|Any CPU
		{89652AF8-9384-4FDC-B6CB-97FF71025A7B}.Release|Any CPU.Build.0 = Release|Any CPU
	EndGlobalSection
EndGlobal
